
Microsoft Visual Studio Solution File, Format Version 12.00
# Visual Studio Version 17
VisualStudioVersion = 17.10.35013.160
MinimumVisualStudioVersion = 10.0.40219.1
Project("{9A19103F-16F7-4668-BE54-9A1E7A4F7556}") = "space", "space.csproj", "{212F5940-8B2A-4C63-8458-D0E08A420262}"
EndProject
Project("{FAE04EC0-301F-11D3-BF4B-00C04F79EFBC}") = "runner", "..\runner\runner.csproj", "{727D85B0-9CE6-4E49-984F-6BD35DE292CD}"
EndProject
Global
	GlobalSection(SolutionConfigurationPlatforms) = preSolution
		Debug|Any CPU = Debug|Any CPU
		Release|Any CPU = Release|Any CPU
	EndGlobalSection
	GlobalSection(ProjectConfigurationPlatforms) = postSolution
		{212F5940-8B2A-4C63-8458-D0E08A420262}.Debug|Any CPU.ActiveCfg = Debug|Any CPU
		{212F5940-8B2A-4C63-8458-D0E08A420262}.Debug|Any CPU.Build.0 = Debug|Any CPU
		{212F5940-8B2A-4C63-8458-D0E08A420262}.Release|Any CPU.ActiveCfg = Release|Any CPU
		{212F5940-8B2A-4C63-8458-D0E08A420262}.Release|Any CPU.Build.0 = Release|Any CPU
		{727D85B0-9CE6-4E49-984F-6BD35DE292CD}.Debug|Any CPU.ActiveCfg = Debug|Any CPU
		{727D85B0-9CE6-4E49-984F-6BD35DE292CD}.Debug|Any CPU.Build.0 = Debug|Any CPU
		{727D85B0-9CE6-4E49-984F-6BD35DE292CD}.Release|Any CPU.ActiveCfg = Release|Any CPU
		{727D85B0-9CE6-4E49-984F-6BD35DE292CD}.Release|Any CPU.Build.0 = Release|Any CPU
	EndGlobalSection
	GlobalSection(SolutionProperties) = preSolution
		HideSolutionNode = FALSE
	EndGlobalSection
	GlobalSection(ExtensibilityGlobals) = postSolution
		SolutionGuid = {6392ADD5-1F58-48D0-B265-7760B1A20EA1}
	EndGlobalSection
EndGlobal
